{
  "": "https://tiger-framework.org/schema/v1/lock.json",
  "project": "tiger-cli",
  "framework": {
    "name": "Tiger Framework",
    "version": "0.1.0",
    "engine": "tiger-cli",
    "parent_company": "x010.tech",
    "organization": "IAR-010",
    "website": "https://x010.tech",
    "repository": "https://github.com/IAR-010/tiger-cli"
  },
  "signature": {
    "watermark": "TIGER-FRAMEWORK-OFFICIAL-BUILD",
    "parent_company": "x010.tech",
    "organization": "IAR-010",
    "integrity": "sha256-99c801920ded46e6e227d886de4682a7",
    "logo": {
      "format": "image/png",
      "asset_path": "assets/logo.png",
      "sha256": "70baf9532194fddbcb4835394b69a95d8cce8312bf0cc5b7d475ef76ed607191",
      "data_uri": "data:image/png;base64,iVBORw0KGgoAAAANSUhEUgAAAIAAAACACAYAAADDPmHLAABVuklEQVR42u29eZxl11Xf+917n/HOt+bqrup57pZasmbLsiwLg/EAOAQHSCCEQMgLeeS9hEcILy+2HjjwSEKYE0MSG4MBT+BZtmRLsmTJkjVLrZbU3Wr13F1z1R3PtPd+f5xzq6plmcezZUt2dPQ5nypVV926dfbaa6/1W7/1W/Dq9er16vXq9er16vXq9er16vXq9er16vXq9er16vU/yyW+1b/AWiuiiK1BQCOGjg8zQoiVVx/9178eesi6SbU3FpRUqV72421Nzgkhsu84A0it/aEMfsYYrowM1b4hTiXnHThExhdsHN25qREee3XJ4bHHzpdXSo3r05Q3p5m+Wli7Tboy9AMnbVa8p2suf7y5yZ8LIcx3hAEsZ9k/76N+KwI3TiBKoZtpUiuQSuJhCaWel8gPOcjf21sXz/7PuPCHZmzl3Fz3x+LU/JNulF6RaiXSJEUKkEogpEO1UWGkJhkL9e/vHHH+lRAieUUbQJSmb21L5yPPt3U424oQQgKWOM3oxxlRatHaUvJcapWQkiNma577Xpnwu1duFPP/syz+Zx5beVurr3+l08uu6/YSOt0+OjMoJXFdB9dzkUohXI+wFHDJ1hI7m/zKSEn8+ivWAKy1I63MfGnOyn3PzUXMtiMsUA8dMNDqxLR6KVGSYS1IAaUgZHyoRtmxhxuh96tXj4m//G5e+M/fv7S1K8W7l3vJjy8s9Z2lpRaZNlgEIHEdh3LJp1wKSIwi0pZSyWdqosIVW9TydBBfHwTB4ZfivTgvuetP9U/3HbXv1GzMci+l00058cxzOEnP7Nm52YxMjDlYRafXJk5TMIZeJ6K10qFWq+wbb4Z/etepZPeGyP2NXbtE/N22+O+/a/b7T/b073ajbMfc7AL9boQ2FiEkQjmEoU+z6mPiLieePs5i19jJ3fuElQ6zixEXRsuNiuP+PPDzrzgPYK2tzWXmy2djccnx2TZLnYT2Upd7P3cXy4srOEqZDRNNecVVB6lObuTswgpRL0JnGqxACEFYCtkw1mSyHnx61PX+5WumxdFv8N0IEPaVsvD2w1b9yfDCLyx2o19davXLy8vLxFGGQKKUIiwFjI02SLorPPHwo5w6PUO/n6CUwxve9hbC4XFKvmJqrMqlm8Tivqa8LgjEkVeUB4jgqtiyd64V0e2nWC1ozy/QarcxaPpxIp85usKRZ45x2WV77cHXvVasUGJ5pUOcZGRpRq8X02lHJJs2vC2tm21fPBq/8+ad/lPfgG2/Yhb/kw+dLf3h7OKvt1fiX5hfWKbTWiGOMoyVOK6PH4ZsGG9w6sgh7r33IdrdBOl4KOVitGDm+VPsGp+k08+YX0qYHw6HOjXeAryyDEDDWxMpnU4vptfP8KTL0sw8WZaSpSlZkqK1JklT7rn7fnHq1Bne/iM/BPUKswsr+b9FCWmScuy5k/Qmx/c1yu5ff/yp5Cd+aL/3wEvgoeRdJ/DmDL7j42QpbhYhtcUC+AaLh3a7pOPDxNdNE3+zadeXn7bVB49d+K9L3d6PL8zP0ut0yOIUUEjHwfUDxpshD971BR559DBGugjpgLEgwFEuczMLXOEYOj3oRZoLLWiNcbO19neE+OYM/SUzgOetDazhmk4C/UQTJxmekiwtLGMMaG0wWqOzDK0NKI/njp/lkx/6BG9/5zuIKyWSKCY1mrSXksUZJ5OM1vDITj3q/fVHHk/+3o8c9O752y70X51kPG2zravZ04/ZHsfx9t+8sz+WpLpphagg8KwVjjVCgM09hrEYa7S1IhFnZOe2J+Xir30+mnURpxxHHa446vGSz7GfuFa0/jbv408/O1+7+9CF/9HqJz88e+EccdQnS1OkcPA8D79UZnqyysN338Gjjz0NykEaC1isII+QhWSlGyGTPkKERIlhpW3pJGI/MAQsvCIMoNpjRAdMtSNDlGh0ZujFESutDtZYrDYYk9+6+CiUw3PHT/PpD/013/t3fpB2EBBHCUYboqRPEqdEUUqaMjnSqPzZf/ty94d/5nXlh17s9//OZ60/uZFdnZg3/tevpG/pJMmeXpRNJEZ4cWqJ4oQsSTFaY60FA8ZYrLFFKJTbgbV5aCSFAqlQMo/KlYDQEf3Q90685xPJ/UHg3jbkcdc/uklceLH3895Pni0dW4r/22In+uHFufPEvQ5aa6RwcH0H6QZsnBzmiQfv5tHHn8EqBcZi5SAws8V/kKSalXYX64bEiabb07RjZwKYfuUYQInR5YzhfpySJhk6M6y0enT70erCG2Pzh24t1oLVGgscfvoIwa23c9X3vIlep08qUrLMYG1MkhnS9By93simsZH6X3z4Ufsj77xcPDb4vR87bA+kmrdEWfK28yvJZcs9XW33U7r9PnGcoDODNRZjBRKJlBKJRVjI0iw3CAMIlS++BVF8nmkDxiKKBE0pJ/Q8f68fBns9z/1H5x156t1/nXyhErifUBF3/+/vEMsA73rf88HJBf1b7X78I3OzF+j3umRpgpQK13NAeoyMDnH2yBM8cN/DIBUYCrykiMstDN6QMYZOt4+pWZIk32BR6oTARuCxV4QBSGgaY4I4zcgyDcbQ7/VJ0yz3ACb/e6wFDLm1W4PWGUjFww89xvjUFCNbdxBFCZb8dWwakSUZaZSANTtCYT74/s+e/rFkrF630vsnF9rR2+OMervTZ7nVodeLSbTGIPA8j1IYYo2ms7LC8swFuksz9FYWiVaW6LZW0GmSZyBSIaWDH5apNEYpNcYp18ao1IYRjk+aGZIkIopi6HQQQqIcb1OpXPnpUuD8dDlwDt/y4cU/VXHrT1r99J+u9Po/t7gwR6/TJssyBALpK6TjUao3MP0l7r7zS2TG4Ihi2wuBkIURCBAChMgNIkk0yljSzJJmhtSAhvorJgh0wAVkkppi94LONNrkO9BaW1h1Ht8YLMaaVW+gtebOz32Bv/NTk5QqZaIogdRiM01qNEk/JssyqiX2OaOVz0dp1ujFNmgtd4njhDTTZMZgpCAMy4SBQ7y0wKkn7uP5w4/YCydP2N7SksyyxGAGNrsuG7Z27XMhkMrB8UOqjWGa41N2eGoP9YldIqwMkSYZmY4RNqLfabPiOASlYF+tEvy6o9T/gjFjy0vztJaXyLIUrEQpFyEcHK/EaLPCg7d/jpVWB8f1MMYiJAgr8mhk1RgUQuYGkBmLtOTxlLFoINU6eCVlAdoiSY1Fa4PWplj04iyz64wgD9Tyf0IIsFZIJZaXV7j/zi/Z1775raK70sHEGVpnmCSlVK8xtWua2kiDWKiJViui1Y6IY01mwAioVCsMNyvMnjrKvZ/6JEcfeJD28hLWWiGFFEIKhJBSKLEOBln/+fqA2pJGXRbPt5k/95w49ug9lBvjbDtwPZv2Xo/j1Ijjfu6iHUuWZiT9PmGltMn1fJpjG1ES5mfOkWT5AhuraNSqzJ94iqPPHkVKVcAVctXrC8sL3lOOj0jpkmbFZjGr9mpfSQaQWmusBWEsZJnG9z2UkqSWixaedadcHuoaLFilXHHkiafYdeCgLVcaIuoleK7D+NaNNDdNYoxluR2tZhUSUEogXEGtXkX0lrnjA+/nkbu+SK/VRYr8zC+21Oqmt+t2/sDFXnT2FiEYgJAOCgesJVqe5dDdH+b5x7/E1CU3Mb3ndaA8sixDajDakmYdlFL4rk91ZDNDw+Ocef55Vjp9kB6Ba3jwgfvJdF4UW7/YYv2TWfd1KRVW+nR7GcpxsUKiJLhK9V4xBpBCXwqZSoSPtWit8Xwfz3Hp2+7FRj1wdGIA1kkhMblbS1Px2FfuT6/5nje79aE6GzdN4JcD2t2IKMpIU4M1IKXEcRTlaojvK5740he58yN/ycKFGaTrIh0vjzOMyRdZSAQCu972LgJDi68NnNT6I6HwDlbmi9HrLPHMfX/NzKmnzf4b/q6sNqZIoj5ZpvPzXggyV5OmGeVKield+whn55FSs3DqGc5fmM0DvuJ3iYuA2Ytvay1KuSQioB9ryspdNVoFKy9B7PbSXC4sSkHXdyRSCow2aAvlchljzOqOWnVreVgkBp8PHrIRljPHjzquY9i+byvCVaysdIm7MVmUoRONySzGQrlSJlSGz/2P/8LH//APWJiZQyoHYcVgFbHW5pF+pjHaYHWG1WvpoF13DFiTR9xok2coOsMaXUStFpt7KhAOUiqWTj8j7//r37MXjj5kfM/HZDYPWJOUKIqJ+hHtVoellZixjVPs3DXNmaPH0Jle7wlfBJ3PvZW1uQGE5TKp8Mgyi0EglMJx6AMXXklHwKwvmQ18d0gIgTaGJNMMjY5w5syp4m8T6+51gG2xDYw1hGHI1TfdLOobJ0kLaDiJM3RqMAYkAiSUygFZd5E//93f4rnHnkC6DkoJjNFYbfIo3XUIyz5+WMH1qwjlYHQeV2RJQtrrkaT9PEjF4gYV/FId5fr50YzFak2WRiT9DlncwxgNwiKFREkHE3XEY3f+Gd3OApv33kgUZXlwayyxHRwjiuWVHkJV2Hvt99DJLKdOHgdpUFaueoH848WGYYylOjRCkq0FqI6nKHnMA+deSQbQ9gTPljxnj5D5nxEnGZXmMEEQ0u108xx79awVxf+DlQKbGRqNBjf+4NupT0yzsNCh2aigU02WaLTOH4/jSOqNClm0yJ/+5q9y4unnUEqh0wTXdRgZG2fDtj2MbdtLZWySsNxEqIA0gyzRRFEfow2+73Psobt48t5P4YjcY20+8Dqm996Yvx/ylCzLUqzO0GmPfmue9sJZWnNn6C6cI+6sFIFbJo48+CmSOGH7gTfRj7rowr2nIkPIDOmkrJyYR9iQq7/nR6g8cBvPHH4cIy1qNUOyF4V1FouSirAxSj/KkEJihcQPBRWfY98sCPSSGoAQwmbWPlDz5Q9K5QACozVSuQyPjtHtPL/qagVyFVxBCKzVDI+OcOPb30Y4NMb8/DISSznw852vLVZbkBCUAqSN+cjv/AeOP3kY6Xg0h4bZdcWV7H7N1Qxt3E6qyiy3U/r9hH5qSDoJcRSh0wxrDVJKlOviBCFYverSrajQ6xkEptiLFqOLnFFVKDeaVEf2sHGPxaRd2nMnmTn+JAvnjpF1Fzj+4Cfw3ZDx7deS6QSKjChNM2Sqaa8sk8YRNmuw68o34bkeh556nDUn+ILz31jK1SaZ9Un6KaVygHBcalVo+DwohNCvqGKQgi/5Jktcz/OkI7FYkjRhdHIjM+fO0df99WEuQkiMTpiYHOXGt70VETZYWVzBZClGG5IkRes8kKMIFR3X4XPv+22ee+Qxtu0/wJU3v5G9V1xHohosLSWcW+jRj+ZIMw059kdmDdZROK6HFAIFhIGHQx4bWFchkBRwHNaKVferszxegLxmn2cUEuX5lMb3s3Pjfqba81w49hALR+7j+P0fxauOUhnZhjEZaIMRBp1qol4XncWsLEOSGbZccTOVWo0HH7wfOyhJrMalecBZakzS66VIxwEhCQKXoQDtO9z2SiSEPFL15WONWunqCzP5S6dJglUOYxumOfncERB54oeAVKeMjY/xhh96O8Yps7S4QpYkmDRDCUGmB6BS7hpd3+P4/bezcOII7/ylf8Peq19HP4aZuRat1gxxrDHaovPEAs/3KJfKOK6i322xdP4cixfO0FmYIW4t0Jo9hXJUEQ1bZo/cR+vCMdxSjaA2Qrk+gRc0UMoly3SOWpIHYqQJ9FoIBEo5jO+8kdGtr2Hx6FeYOXwf/lWjKD/AZBohBgFoSpYkxEgMkpNnFJt3vZbXWMmjDz9QeAIBVubBX3UM3CpZnOAqB6EUzSGfZoWnxh0eeMUZgBAims3sh0aq/tWe7yKVwFhDEqWUak2aQ2Mszl0AKbFZxuTEGDe/4weIVInlxRZJFGPSDGsMrutijSmwepsfG2lEuVziHf/6PWi3zslTy8T9mCzLdxjW4riSwPepNus4VjNz/Cmee+IBzh47QmdhHp3G61EApHJW07Hu8nk6S+exUoBQSNfHKzWoNDdQH9tBqTmNkAEmibAmBZtH85kQiH4Xxw1p7rwZ013AJJFFOQWo5+AagxISk2WkJFgkVihOnlFM7biOK6Xk4YcewgqJEYIgbFJqbiRLM4QSuIBQDkNDMFzmU0KIzktBfHnJKWGO4mMNz/5SvVoeX5pfxgpBpjOSJKYyNEIUx7QX5xkZavC9f+ftZH6F5Zll4n6fLE5AW4S1CM9DFEiiyTQCQ5QIwqlLWVpJ6PXOk2V5fIDJ89lyJWRobBjfsxx9+G4evPVTzJw8jtYGpXyElPk9yEgKM7ADv+uotaRQACYlbs8Rt2ZYOPUEQW2Csa1X0RjbRZpClqZYq4uXklhjkGmEdEtopYRO4hztkxlaaxzXw2qLYc0IBJIz5yVbd1/PQQOPP/44wq9RbkyRZQZBgiMVQgiU51MPWJ5q8BcvFfHlJTeAISFOPhfb920Yrf3y2XPzSKWwJgeGdJZnBbVSyLVvuBZbqrMwu5SDKHGMyUyecpPj4Ja8aGR0XkmM4gRjOkXtIA8Mrc13RlgpMTY+zIWTz3Dvx/+C088eRqcZUgocx70o/cyLbGLVBsRF5DhxEVFODn4OSFrnOP34p1ga3sro1mvxSsNkaVQcURptDdZqjMnIUoGSCuX4CARJ7OEHIVLJHPvXmixJchhYKE6fc9iy73qSfsbZlsZKSaazfPGlREiX4ZEyzTIf2uyLp17CGs5LfzU8/rDs8pN+KdwglCoCqxxk8R3FVTfcSNBocGFmiSiKyZIEqwdlW0naXqZW8oBqQSQxZGlGVpRuB9mSlArlOJQbNaoVj69+7sN89XOfJo0ShHSQigLI4QUwKwhhc++5/usDlPKiPbWOL0DuITrzz9FfmWFs+2upjO7E6LT4uYLnICTCgBZ6NdVN+g6lUh1HJGROueAiaHSakMg+va7D2TmPnVe/EfP4E1xYWsZxvDzvVw5+WGKkqtvjVfWHL+VayW+FAQwLcdpx3N8aatZwPBelnDxYEoK9l+wmaNRZWGgR9yKyKMZkOXiDkHRXZnj+wdvxSw5JpsnSAYtIY1KdG0KWFZG5oNKo0ag5fOEv3ss9H/9QXqCRg5qDGNSayC2nuC9aVPG1DFmbL441A7TwhVidxKQ9Zp79kl069yRCOfmZXqCORqcYozFGo7MUXVDiUm0x3XMsn3sapXysyVO9LE2I+31arRZnFmI27dlPOQzQ1iIdB+UFDI0PUyqr//L6CfHEK94AAJRS7y156v5ao4njuygl2bpzC+ObN9Lq9In6EUlc5ObaIJUkac/z4Mf/hMbYKGFzhDRJ8sXPNDrTBalEY3Re+pWeixIJn/jj3+bJe+7Oiz9CYDGrpWYpFI4b4oc1StURwuoYQXkUx6sjpV9U4gpDkC7KK+OUm/i1UYLqCG5QQygXCxirsVavGZBNxdyxr7B05knrOl7Be9BF4GpW32/+/lP63Zih6T3MHrmHhXNP4nhBXhrXmiSJiaI+rZUWrViya99+gqCE9ALCRpPhhj00McxvvuQx27fKAG4aF50/frT1i81G5bOtxWot8B02795CpxcR92PiKCZL8jxZCoWO23zlU39OZ3mJS264majICLTWaK2xtlh8Y1dROs8XfPEv/5hnH3wA1/XJ4QKD7wdUhyYZmtxGUB9DemWsVRgjc66lclDSYfb4w5x/7sEclrKW4Y37aE4dRCgHoSRKOegsJY27JL1l4vYs/eULRK05jE6xIge05o8/iOeWKTenSYvjwFiLkA4WgZEGYTKSqE9z42bGprdx/NFPIqXD8MaDpGkEZKRRhOO4rCyvUJoYZsv2nZxb7FCpB0mjpn7pH+4TC98xBgDws5fX7n3/E91fcszkbytXBXGSEvXyIkmWpgXKJkDH3P+5j3P6uaNc8fqbGJqY4vzsElmaoQt3r41Bm6J/QEoq9QpHv3onz371vpyMoA3Dk5vYsvcSRqd3I/wm/djS7XSJOl3SuEeWZrlXkA5uUEV4QeH3JcJaHK+OFT5p3Aebn+V58cfHq0xRamxjdKtEdxdozRxlaeY4UXcFTF9cOHo305e8BelWMLaICYzGihwRFVKj05ReL2XLJddz8vBXOPHoJ3CVR3V8Z06cyTRpFKEcl8WVLuNjIwjfN5tG1fv+rzeJW6214ptlAX9bDQDgH15a/qM/f/jCT/Zk6bUr5+aI45SkCPqkkEhleOiu2zj97NO4QcjB615HXMCng8zB6JxIqrVGIAnLZTpzp3n4cx9HCsHEtt3su+b1jE7vJEklC4sdujOzxHGUG1GaYbPckxhrEaQ50hd1ENaAdBBSoHVq0rgnszTKIeIBXwWJEJJUOEjlI1WZytSVVKYuoTN/kqXTT9Kbf575Uw8xtvMm0GCtyW1AGAQatEbojG67w9TELhrDkywtnefUk5+xO0o/il/bIIzWZGlKEsf0uj1arRKbR8P2a+qtP7AW3v1uFJC9wg3gYmDik88uvSPupgfPnJuh145I4hST5pSxMPA5+uj9HH3icZCK4eExNu/Zz0K3lyNvWZaziLUh0/nZqpTEWM2jt38cPwy59gd+jIkdl9LtxszOrRD3ItI4RafJWjlXSITjIRUIYxDWIG0KWVTAQUUdTicir/atZS7WZEDewYOwaGMQaZ+4b5HCodTcRm18B63zT7N8/AnSlXO4tfF8R2ORReBpTI4kpnFEYobYvPsKlr9yK1ncEqcO3caua38MgV8cOX2kkiwjCPzR+oXx4Z8S8K9uuQX9HXAErC3+XceinS2y3+olSTnu9el2eqRJHvS5ymXpwhkeueeO4gHB9j0HUKUq/cVZskHwt45OboxBOdA+9QzDo2Nc+7YfxzgV5mcXiPoROk3RaQrW4DgKlCSo+ARBjW6rxfy55+ksnsfEXUzaI4s6OSvHCoQwrJw/LNqLZ7TyK8KtjMhyYwo3bKCzBJvFxa62q7V8gyZaiRDCwa/vZuryKaLF2TzrWM0+7FpmUaTC7V7C5I7LeerBL2Ax9Oaf4+xTd9jpA28RcZaQDVjIQjI7t8L5idF//vkn7W3fe4n4/HdMDPDhD1vPCZP39Dpy88pyB5Np0Bk2zRBGoLOIB+/8HN3Wck6YlJId+/bSiVOSJCNN80h6QNLIo3+DsJrmxBTlDdtpdRJ63fNFrFBg9dYilYNbKjM8MYa0EYfv+xJnjj5F3G0BJkfnsKs9AHlLgEDrCN2LVdKfo798mu7MEYLaBLXJPbhBnbTfzSHgdViBBYxJ0O15Ur+EOzyVxypm3eIbm++L4v+jKGV8cgu1RoPFxRmEkMydfEgMT+3Da2xGm0HqmKDTmLMLeBe6/JpdtPeLoZdWXeVblgZuf71+Z4T4O+fnluj1+sRRjE7zfF9JyYmnH+PsiWMFMqYJSyU2bN9GpxvlJeAsd/mmOPutNlhriKKExY5maX6ZbmuFLOljCncvAOk4+LUqey7ZjYpnuPtDf8Sxh+8m6awUYOCAFyi+hhQqhJMDSMLN08m0Q2/uWc4/dRvL557G8wOU8gu0ctC6YYoqosakHZJeC53016WCOR4wIInkFcYM4VQYGt1IzqKUWBNx9tm78Lwc9bPW5vFAErMwt8zhWa68d55//VKv07fEAJ4729skPfPv5rqJ6vb69PsxUT8uonDo91ocfugrxY4QGGMZm5ykMTaeG0pxdhtT0LlWb5NX07qdHDpOM0zhKYrGDfxqjd37tjF/7AFu/ZM/YmlmBqTEMGAli1XPbFdLQgUtbR0mnJ//eSAndUT73OPMHH8AIciN4CJe4Xo2ac4issasgkgDroexOT5htCGxiuEN2woPpJDKpTN/gvbscYKwkhtAlpJEEXG3w5Hn+xxd4he6ib32FW8Apub//LJxdp6fW6LX7RP3Y9LEkGWAcjh55BCLsxeQUq12w0xt3oxwvbxbp0AGbYEBmAIONjrDZOtuPXC1BcnE89mwdZqTTz3IZz74Z0T9PgZLNuADrtai1zMTX0gMXfu6scXuNfkK9hePM/vcfViynP2wagP2YmLpOl6xfUEH/sDGotTQnNyEFE5RkMqJMWefvRdFXgE1WU5dS6I+/eVlnr5A+cgc/9K+y8pXbAzw9Fz3ir61P3Nqrk271aPb7hNHSd4QKgTYjOOHn7yYji0E05unc+h3kPdrswYC6QJWLRpMzYC8aXPSBgislNQadXqzx/nyxz+GG1QZnhym1mziOB6tlTadVot+Z5ks6RV2IC5efAtC5rGB9HzqjSlKtTGECEjThKg7T7R0jpUzj1HdcAArRF6xfBGKvi2IzwPu08UVSEjSjLGxSVzXJdX5MSIEtOdP0Fs4jaqMkRVkFJNlmDTmzNk+z28L3zb8c+kN3MKXXnEGYK0Vp/rZPzsdqaH5hQ69Tp8kigsBCI3nBSzNnWFhdiZvgS6em5KCsfERelFSpH66MIIisCvOzkEmYIumztxN56ewEIqSk3D+8DMcuP7NVIYmcVwfA2SZYdiAIxVJf4mzTz/M2eOH84S1iNZzfNFiDExsPsDGnVeRyTJJasiSGJulVO1O7OYe8cp8DjdLD1sgf6t0ruJYE2JwrIivoXxbBEmqCYZq+L5L2u2BKCKKrE9r5hhjzY1kOs9ock5iSr/b59BMGO4YUr9srb1fiG9eQeUlNYAzrfSaxFN/99R8m06nR9yP0UlaFFYsYeBx5Owp0iTBkTIHZYxFSkGtVmUlzVbdvTZ63YKbdQFVXhrGrKVV1gocVxD3EioTu+lFKYuLbXS2VHx/XjmUUuEGJQ687m2MTm7gkfvuuKgYpI1l98Gr2bT/jZw6PUu3dQ5j0oJKnvc4SuWh/NG8pStLc+h3PcVbvMDhr/V65cZWHHvaghuE+J5Hu9MpPGJOlG/NP88G+ToQOaFGZxlpkpD0+xw5lXFso/O9u4Z5K/BXrxgDeNe7rCyH5hfmUllbXO4Q9aLV3W90/oCUsMydPVUwaXI/aYzJRZEqIUvGFAGaLYKmHFMfLPT6LuPVIMvkr53EPc6f7q4eGYOjOa8dgM7AIEmiHsfjiL0HX8vS3CzHnz2MkhJtNM3RSbYcuJ6jx08Rd1pgMqzJVquCg94BHWt0UhBJCr4iYhBgSoS0F7P8hQQp8y5gIVeNwPMcPNddpcwLm7eH9zvzYKI8PigqjDrLSKKY/nKPQ+dq8soN/Jy19lNCiPQVEQT+wi+yL7F8/9nFPt1unzSK0UlWGIDOIf8spbVQ1DOKah2F+/Y9F6EUVhQBkcgNwViLfsGdxwOaTGdoo/NoOe6TJn1MFmNNWjR/5B8Hn+ssxuiEtN/l5Jl5rnrDG3EdhdF59+6+S6/i3IVF+t0ljI4wOgGTgdE5rm+LJhGbrb7uannZrmvpEnLtlgohHYR081u54DgI10Upitdcw1ARgiSJwGQ4jruWPZgsRwmjPifOaI4t8Pq0n179iskCSgF/ty9kY6ldRP1R3ptvTL6IIIj7feJeb7UBUhQPyEoHKQyu52KlwkiZG4IQGEThCfJjIb8N2uavrXX+NTMIEPV69FAXDy+v7ecl4nwBl2fnEEGdbVs3kSY9mqMjNMY3s7y0iDQZ2GytHrC+fdTaoiycG/Bqo3HB7Fn7mC86ygPlFreHUC7ScXF8H2szkjRZzUwGTCiKApJynGKvFMdilpGmMb1exPMtgpVU/L2vheFfBgN4bnGxnsIPnWsbWt2YuJ/k6VxxTg8CpP4gxxdrXUJCKlJt6fV6+IEHjsIqBysdrFRFDg/GFsbAOk8wOBr04KgYAHADGtn6uGEtjtBpgo46HD9+lt0Hr0Bgmd6+h6V2jEmjHP9fF3tcdMavdjxfjADkXitffDu4pQPSwa43BMdFuC5e6GGzLlGc5Ysu5WoPIwiyTBfPLSezDHgGOs0wacqzM3Aukm+zs53Jb4Yf+JIYwLBXva5j2H9upU+7E62mfYNCzhpJxMHJ/d5FcVKapsycn6FaCpGuh/R8hOcjXB/heAjXwyqVeweh0EIURjE4Isya8kiRLax5BbOKKObGkqGzGJv2mT17DrcywsT4BLWRDczPL+Zwtc5WFz6PNcwLsvx1LKLC1dti16MchHIRjgeOh3B8hBsgvRDhBQjPR3oulZpPvHyBKDFI6RR9CQKMLjyjizF5xXTQZo/J+xWzJGZhSXNkRW7plty3vexHgPSdt3QEznK3T78Xk8RpDr4YnZ+RRQOg47r4Qbj6KO1a+sihJ45QL3n4lRJuqYQThsgwRAQhwg8Qvg+uh3BchOOCcrBSYsSa2MTgqMiNYeCuTeGui7t4iEanJL02F+Za7Np7kEQruu3lIm7Qq9/Paj/x1xLDEBJL4fKVA44LygcVIJwAqQKEE6K8EsoLcYISbjnEKfnUag4njzxLZtZ3BOa9A15QQSgPjEE5zipmMkAn0yQl7sacaCHa1nubtVa8bFnAqeXlochy84VWRrcXE/UT0kIkahChu66DVBLlKCq1OjPnz7Be38BxFY8+/DhvmjvP2HiDWakQjoONErQbI2IP6fgoN4E4wab5bUS8Jj5RGNuaEEXhqgsMflVRYV01z5qMc2fOMt4cYX52njTqFDWbHJ5d36olVsGdIusXMnfxwsEqF6Gc4owPkW4J4QTFzg8QnocKfLxygFsOcKs+Zb/DM088lge+gw1RBHul+gTGKlwp8MIS7Y5GSLEWgxiDThN7fqEkZiOumagwDZx6WQygHJSviazZPd+O6PdT0jQjKwK/nHxhUFkfvzqMRDA8PsFzzzy1TirAIJXH/MIC937xdn7g536Wo4HH+bkOthNjogziDJGkkKQQJZheF/qdVSkVi8DYJGfkDrILk4sRDahk2PW6S2sG0muvcD5JidMICm2hnHKct4GvgUTrFWXEWlonnSKw8xFuGeFXkGEZGZRQfojj+UjPwfEVXjmg1gjYPOWTPXUbMyefywGxdWVjIQRhY4rMQNlT1CrQT0TuSEXhiSxYbYj6lvN9MX4pXP2yGYDnOjf1BKobp2SpLnZ9HvgJIXOZlbkT7N78/SyvdKmNjOV7yq49TGMyapt2csEO8dSDD7Fv/w52Tk5wrms418pYXI7p9SN6UULUjbDtEmbFQ3ddLD2wshCeyo+BnAo+CJ7Mqus0BUtnYAm2YAv3euk6FZG8WITOsFIgkHnQWlTthJB5z4LIAzzheAgvRAVVVKmOrNSQtTJBtUy5XKJSuPvxhmR6CCq0mT97nAfPaCobLmHp/KF1YSQov0x5eCMGCMoBbnYCkUlwRhBS5H0KOZooSDULicNSwjXAR7/tBmCtlYsZ13Y0WJ1Lr0ly9Q6pFJ6QLJ2aJVmcpRT6XJhbJmgME/gBcZoghANYvEqD/Td8H6XRKT7zmQf409/5Iy658hJ27d/J+I7Neu8lu1RbN5jvRFxYTJifi2jNVxDLbeLlJUxrqSgIFYCutXl+bezqQucRvV6nU7SmX7SK2K3KyOSvhDYI6SGEUwB6YnXXI93czYdVZKWGqjVx600qY00mJkvs3OCyfUKyoRazcuY0x4/M89hXzvDIA48i65sY2fs9TF1Xpf+FRfrLp3JekrWEQ9OooI4F/HKIszzP0qnzjO75fhwlcT0X5ebAkjaWxS70M15jrZXfiKrpN2UAPZg0sKsd5TRtMWDreg62aOq8cOoYZdEj8P084PFK1EfGuHDmBMpRGAsT2/eTZpblhRkmdu3i+BP3cdvt9/HFu5/Am5wSe/7Fz1HaOMmwUmyfdNkxJOhtbXLiXJcTx326SpKsazynkJ+zhbJHXltIi6PAvkAL6IX4rb5YpQNQQuQ5fdGfL6Sbn+1hDVFv4g6NMjo1yuX7hpgeM7heyjkBt3YtXppy6pPHeOSOp9G9JUzS4rX7t7Hc7RBlkqGtV3L20bO5yQmHock9eaewBL/kI5dTZp57hI0Hvg/X8alWS6Seg3AlVgpaMUSWrXQYAWa/rQZQgomWYbiVZGQWhKsIKyUE0O8npEnMzOmTjA+FlHwHqfKzc2LLdi6cPoG1Fq9UoTIyQXtlCesFbNy8g+mdWzny7HMYL6TnN+WxxMO2c0j5y7OLDH/yY+yaqHDwpuvZcNU0TxwJmT0TkszNY1pLCGsQRTpnTILW8bpGj3V4iVin//M1ki1yFeGT0l0VZxDSzdnE5RpyaIyhzVNcc3CMHc0+c89+hQ9/6DFmXnMz0e5dJCSMNTxi7YPnoLSiURtmcnojDz1xAdptSsObCSojRJ05gvIQ9bHtJMbgOi5+NWC5s0xr6TxpsoznlaiGHnK4TAeF9BWxgb42E6hs6hsxgG8qDVyO2RxLnG6qQUlqJTeT/fZpjUFIQa/TYmV+gW63R8WFwMtbsUc3bcX1fYzOKDdHyIwh6XeI+30WOzHX3XQ9juNipIQowqx08v44JejUqxxZSfj0p7/M7/zBB1m0y1x37RTTu6YIxsaQlSrCK+WL5Ch0FhcQcLpGLrGDPoMXIIZ2XfGp6POzNkPrND+hhUI4PgRl5NAYwzs28/bvG2ViU8Sf3n6I33zvPTx0pM9SZQgjdP5004x4sYUwGrKUA3s2oR2fuNcj63fI0ozq6GaMziiNbEKrEAQo12Oo7tFenCGNIrrLcyAkrU5kx3xz98YxcaHSFAgFiRQhItv6bY8BMskEDnieQ6MaWGOyf7/iqMsjx5mWqktneZ4kTVhZ6eKZmGYtZGW+hagNUxseY/bU81TqQ5g0QScZRrjMXljhujcfZNu2LTx7ag66LbKTpwn3bAUMXq2CvOkmktowyQ2v4yN6lEtamiv3j+IKw3NRnyhJIUuh3yoWf404Mjjr8w8FyCLWETsGXsEahFCAROsUoTMct4x1fWSlzvCWad5y8zjPiZjPnPLpH7wSrUNcIVAjVYy1OJ6L6HdpX1gEExMqy+uuOcAdJyNMEkMakRhFUBtDSYfy0CbSTKN8D8d1qQaahQszRWPqHEIpYuuKTCt1cFr8/KzhvxrFaOYJIuFv+LYDQaFLqQxsGvJoVtx3tWc6f1gdH7siyxKMNXQWFjBWsdTqszBzlrFmHeU6CMdldOMmsBY3LJFlSV7AyWJ67RVOzke88XtvROkM4g7JQw9bFloo10Vag3f1ZZR+9sdx9m9DW8EjKxl3rvTYtWeIkY1j2FIZ47joJFk99+1q527evWt0fufAkF6FfQdwsR1AyAUgZHSKkYrUD/BGR/mBGydY0T0+egIiKVEhBK/dj3vdXrQr0VYQhh6dx04RzS+i+10u3bUBf3gTp0/PQRphs5gs7oNUhKUmXmk0J6OoHCpWusP8bN5hnXTmUI6iHye0E3F1OO+c3jDET2wYpue6YF1VflmQwGGgas1ffU/Tfc+WnVNvDkJ/QxonCGuJuj1wXNIMjj97jOFaCcd1SY1heMM0QeCDctDGFMSHGBt3eeKpEzR27ueaq/ZD3MecOyE6t34BuilSFfx+TwIaqwSuH3Dm+Dz3f+Y2Du4axmnW0EqRJdFqRdGug3Xzj3qt1Gv0Reni6uerCGKeVRilSEsV9l4+id96lr/4+FfBcbFK5vJtYo134DguyWMnmP3iQ4i0R01p3voD1/Plp2aJlmYg7iJMCib3LuX6Bqwq53pFyqXWrGBWzrE4v4yQiri7YrHaamPoxtJdVvzwj46Lz28p8Z+3CZDpN9YwIr9JMoGXGs6WYvkLADVf/HhSdOFIY8jSCCNyt/rEY0/RCF08z8t/ttygUss591iTY+BZgonadGYvcMdDx7n+h3+QLds2Qb9Het89rPzRB0iePIrqafxUUdIu5U4fe++XWfnLD3P/J75Iunyeqa0TGEcWrWRrHcEDFNCu9pgPOobz/v78+9bh/nbtZ4w1pFJQmxrl2n0VPvbBL3Dhzgfof+o29LFzOD2BrwMC4+Iu90nufoiFj90K8xcI4xY/+nev4wJDPPHEEUR3HuIOIktApwih8BpTWCGQjot0PTZOVDj37OP0+3HeN6FjRFGhbHd69JL0e6214VTAe0LDrWSp822PASS0M8m/GSmLs3PW7oHs6m4/KrpygUIswRGCp548TNpeplorM7/YQgQlRjZtJ8lS8PISLToHczIL549a7leCN/74j/KVz3yBo48dRj/+ML3nniEeH0GWq3mQvrxEtjiPyBKSqMNjd93DpT/8YxzxnfXVhlXpdey6o36dMv+Ljk9ax+YyGDJh2bd3FHfuFIceP5EXfR55gOTwIdKhEZxKGWsyzPIiYqWDijNGqpIf+rE3Emy9nL+69XHMyiwyaoPWBQlNYt0SXn0s1ztwXdwwYGNT8LmHHs4ro9airBWukojMkiUxnTg88MTzXHVwm7i7HdtfzmJ3x7fdAFrwJyMin57R6+mbUuE0+kmST8EqVK5yDFMxN7fIoYcfZsulr+PMhSVUHDOydTcL8/MkNucMom2uEJbGkGWceiJlZW6CPTe/kaG9+zj28FMsnT9DevIkWZoUEm+5VrDQGVJnnHrqCDe9MyUo+fTWLfH6Zg4heHFdgHV4/3rUFwFWSLSS7NxU4tgDD9Drt8HzMDJBJF3M8hwZuUqq53kMjw6z/9Jd7Lz6UmY6Pvd+6jGicydQ/RZSp8VbypnABoXnV8Hxkb7P0PgQqn2SZ545inIdrM5laIQqglOT0UsddyExbwLurvriid/5rH32224Ag8V/17veJYUQN3VTVjt6pTa4fohchU8Ft372dv7FDW+k1qjQ73XxakOU4oRkZaHQA8og0whjMGlKkkTM91ZYuHCWcGKcoateQyW7jM7MBeL5WUzUg/Yy3VPPYU2GMNCeX0D1WtRCl8UBIbPA2r9GFeQiBRC7jrlrL1YPL7B/1/eYLCtue+oYNusjyBA2IhzZTGnTboJShVK1xPCGMYZGhyFT3PXIHOePH8fMn0XFHYTJ8uKSLWYCIJFOiJVOXjcIQvbvaHL4jg+x1OniOC5ZluKFpZwrYRMshqV2xkIsb37++effs3Xr1uhfvOUbI4i+JJzAn/iJfzqCtVcu96K8py9NsUZQqdVyZE6Acl0OPXWEU4cPsX3TDubnlrBK4fgB0oqie8rmxRyTt5GZJMql2DoluitLWL+EqNRQ5RqVya1Yx6VcL9O+/wtceOxBrFIkCZioj0yTdTu/KOisz/iwX7v/BynhxT5h1Qg8x4FejwtnZ3O+YKKpNCeYesNbaWsXmaSkAs6ebnP88Dls1MNGLURvCSeJciygmEgiRF4rkW6I9Ep5QcnzKA3VGHLn+ehd9yAdd1VVtzo8SlYM2TDW0o0Ni5mzt+1NbgGeeVlJoY3J4W2Lxm5sRUXfvzFYDY2RURylyHROckjjmI++70/51//Pb3BsuEHU6+GF5VxKNklW/1iBLdA8g81STNyD9hIoD+v4WL8MQRn8MqbeZPrq19M7c4r27HmMsOg4Je1112BfsT7/Fy/C4xdfR3x/Xd+AyAsx/SgXghZa47ghe2/+Qc4nkv7MKVhZwMZ9hM7AZAidIq0uOoRfIEsjcq6g41fyEXGejxOU2L19hIc++985feYCystbxKTyqI9uJopzDqLODEmS0bVBQ7r+5d+MAbwkhBAr5aWxVF4/TtFpXn9P05RKY5hGc3iVWCEdl8efOMx9t36Wq/dOE5RDnDCgPDSKEwT5Q5YFn36weY3GZik27WOiFqa7iFk+j1k8h16aIZ49R7fVZ8dVr811hkyGzixZFF+kByS+JsgTXxv4DQ58wdeIW0shQOcjW1wMNo7ZuPsSKuPbSBYWkN0WtOagPYvtzEFvCZJezl3QelUnWcp8hoGQqiCKlBCFAUxsnGSoe4w7P/2Zwt3nP+OHVZqT24ijFDtol880UQbC4cqXnxQq1YFeZsmyrGjizAdGCM9nett2RE4MBClRrs+f/dnHsAtn2b9jCrdUwqtUqQ+P5SzYizpocs1ABnm60dgswaZ9bHcJ25rFtpdonTmDrDQpN4fApnlfXTIwgL/NgFT7gnkGrOtcWjMYay2plbhCI6RkeM9VrCy20ctzmJVZbNIBneQcdJ3PTcIOjp7C5Usnl6hxApRXQbkllF8ibAyzfVzwuQ/8IcvtztoAKQtD45vwqhOkSeFdbd4d1Y3BwB5rv/FWMfnSzJ41O5L1DGALBkGqLdsOHMAPArHadSckreVlfu83f5u9ox67d0zjBD5+tUZlaATH9fO6t5TrlMWLAo7JG0mEKXCDNILeErq1wOL5c1SHRnFF3nCSJsm6ZbffiOzpRa1cWAtphjaKkqcIhjfQ1y7d+VlYmcH2V0Bn+fsrusHz8rhYXXwhFEK6KCfE8fPFl14ZvzrE3h2jPHnrH3P4qadQrrfqtSyCTfuuo9XPFc1ZHcBliVLQgm1A9WUzAGOtZ6Uc0uveGEUbdpZm1Cam2bhlew675uw9pBIcPXKU3/v1/8gVUxV2bZtCeD5+rUF1eBTX8wtXWXTTiPXjXEyu8mEM6BSSHkRt4sU5pONRrZRhICcjxLpGE/s328ELhkatdvIUv1tgMHEfE6UMDTUJh6dYmTlPf2EGkfQQOs3fU+HsBkHe4PXEoIw82Pl+BemFuJUmu7aNcforH+C+L34O6frr3pOhVB2hOnUJSyudYoOtvd0og9hSByov5xHgS0HdrOu5FkKiVF5OjRLNniuuxlFu4cp1ofTh8uhDj/Mf/t0tbGtY9u/ZjApC/FqdytAobhAilARZjFIb0IjsgD1jwGqEzYr4INf7qQ+P5dJyqf4az2//xqPghaMa7EXkZazBpDFpv09zYhN4ZeLlOZLOYh7dFzWH1cUvFD6RMieMKg/phsXiVxFuBa82zpYto5y49318+bMfxUq1Nj+lYCFt2HkdndQjjuJCfafoOyzaEDNN+WX1AICnLKXVdmtRuO9i5/T6PYant7HrktcUwZAp+K8gHccePvSs/a13v4cRvcINV+wjrNTwqnVKwyO4pfLqcZB7g3XDRmwe8AksmBSbJeg0pTG5EY3MRRgGVHmxfme/uLu3Yt3DXTeta70UhLWabpRQ27AprzAmfUwa5T9vXiStFBKpHJTyi7O+nBtAUGdoYjNbJx2O3P6feOSuTxSDLe0qBR2jqQxvYXjn6+j3okLCXq7Rx9ecokNC8LIZQKeTE2aUzKdgKaWQSiEkuI7C81x6acr+G25iZGIKY4yxRX3ACimk64rZczP81q/+OhcevYcbDm5mdMMETrlGqTmKX64hHYUqXjsfrDio6+bHiSgwfW0yyrU6uuAHrqlAiHWCkC/u/gcJon3h+S/WaQlYaHVSgmqtOO9zg5aOm+/4i877POCTxeI7fhXp1VDlIYbGJnFbT/HVj/wqx558IKeYrb6PIiZ1S2y47O0kBAhE3k8hWOcVBVKBK7F437hy2DdtAO18mJZ2VD7OxfFclJMbQaUSMjTcBCUhrHDF9/0AYa0p1y8gFqRSxP0+H/gff8JH/+vvs7Nh2bltmqDWoDQ0SlCtI52cWi6kWEPrRCEEvW5pQ98nTta544tiQPs3xwDWfJ1UMf99Ulja3QTHcZCsZRhC5bT1gYumaAYVhVi08ioIv0bY3ECz6rPw+Id56LO/z/zchZxq9gLgyWLZcMn3EY7txOgEz3NxPVVQxRRCKaSSBB4EigjovGwGoKr0gVbgKnzfwQ88XM/N+/wE7JieoNGoYYyhOjHFtd//A4TlOjZvHDQMJnFJhXI8jj59hA/8zu+Rnn6Wq/bvoDk6Tqk5glcqI1Zz6PxBu56PctyLMjjXc+jFMYOuvdXdbP+WOY39G4pCWPr9FN/3UeuOORA4fnnVywiRl4Sl8vIeAb9KtTlKkJzmuTt+n+OP30ams0Kb4GIoylrN6PbraG66iiyOEEIwMtogDGXu7RyFdBXKlZQCqDim/bIawB/eReRYc67qCwLfww88gtDHCzwSazl9+iT7d0zSHKqRZAmVyU1c9b1vp1wbEkbrtSrd4Mx0XTqdDp/+yIf56q0fY9tEg6GxcUr1IZS7TvNfSvygnOfVYq2q5/ouvSTJcYOLGD724pa0rwGzFLYYMmm/JiAsYgMLUT/F9/KBmHmOb1d7G5RfWtcR7COcENx81lBy7gGeueOPWVk4jXCctUzjosWH4W2vZXTP9+aKaMLilUtU/RhrEoLAw3UVynNwPEW9DKHDOWD5ZTOAW24SGZbjNQfCwCUse1TrJUaaVcqVkOWVZY49dC/7d2/BCwPiJMEZGuPS73mrGN64RdqLc7BCpiXfQU8+9DD3ffojbGiGNJpDBOUyyvUQUuJ4Po4frqZbg+CwXC7Rj7OLSZ7rN7UY9OmvI4YO+vaFeJEmW7E22FlAnBhQLo6wq/MEB2/fDSp5T6B0EG7eHlZqDGHmn+D5Rz5FkkZ5VrCu22g1P1EuoztvZGjbjfmYHCkojYwwPhxz5qn7MQiGayWGR2q4FR83dBitQdnlsBAie1mRQJ3Zw2WgUfVpjFQYHfLnx5vlmXKlTHN8kjv/+hOceuIBXnPJLsrVCkZIRLnJvjd8P9N7LkdIrxjTfjF0I5Xi5DPP8PSXb2fT5AhuWMbxQ5TjElRqRUC4TqfJGjzPJSoGReSGUZzJjgQli52+/naKnT9IBWWRERQs4EGff0E5T1JNYhWOKoCpdbGGdAKcoIooWsTc6gg+Kzz/yGfQJivsyxYPXqxOTHOCOpP730Zz8/V5Kd1RBLU6mzaXOf2lvyQNmmQiYLjmtcZHwmfKI3VKVYfRCkidfFPy8S+JAUTGfNUa+o2yw/TEEMON4M/doPSsF4aIcoWxbXt477//DezCKa67fDe1ehXXd0kMbDxwBTuvfr1wy3V0llprtV7rlbNIpXjmkYfIli9QqzcQrotfrlIqVwcN+6tZgLAGx1Mk2hTYQX4LKYrePbUWFa7u/LXiDEKttnwNWtPterEHIci0JdICtZqNcFGBxw0bKLeMdMtUajUuHLqdpN8qfq1ddxTlsU9lfC8bDv4Q/tBOtDW4QUi52eSSS6Y48fn/wtnnT1LZsAuLi1sutbdNur82NCx61bqgKk1qM/vIy24AJ2P3iIHnpwPBiKsX0zj7k0qtol3foxMlbL/meoxx+M1/93+TzZ3iDVfvpzHUwPE9oiTBa4yw4+rXM7J5Rz7lO8c8cyMQkKYZJ595irGxIfA8KvVGHgiu9ukPeoJyhW9j8xFvQsmi995ZjcxRhVTc+immgwHTcoDgiVWhBzFQ+Cg8gjaWKLUo8YIFHYzCdgO80hBeWIfeBRbOPrPqqVbdvtEor8roztczvPMmtChjTIJwXSrDoxw4MMXTt/13Hr7zTkYvuYE4sVjlQOiLXTVz79QQD09vgEbAc9Ve+OTLbgBXDomVOONLE0DdmNt/+w8+/+RwLVCB75ElGr85xv7Xvp752QVu+be/ytP3383rr9jN+MQofqm0OgBiZOseNl1yjQyrQ7IQ5ytqTQ6nTpyi5DtUqzU8PyDLUtaH0KJw0VKJYo6QWt31A0Ru0NeXG8LgVrknUKr4N1Vo+IhVbR8hiq/JvJMpKYSt1srNA7nZHKv3ynXKzSbx/NGcuVQ8ZmENVijKE3sZ3XszXm2aNI6RrkQGIUMTE+za2uDhj/8+99/2ScLxbQxtOkjU6SFcB8oqefNlweyGMp+4dBJqkjvFSE7KedklYjLNh7Sh6yfpRx/+o59LGyUnrYYeruPQ7ydc9cYbaWycptvr80e/+4fc9qE/54rdW9i9ZxelwrUnSYoMa0zseQ31ya02T5Ny2le71SbtxzSbQ1hhL27zLoIAIQSu6yAcp9AR8IrbXTsCivx8IAub32rd54MsI5/TJ+RA9MHL+QjKJbbyBW1l62OX/Pip18vErQv5zwuBtQbhBDS3XE1t6nIMbi4D4/mosMqG7TvYNKH48gd/gye+/AWsctl68AaMLaGUQnmK4aZIATMRcvs2w2LNyI+/YjSCTvV4NMV8oRLIhwF8JRYblRKl0CdLU7QTcs0Nb0DIfHTaZz/yV/z3f/8u3O4Me/bvpTG+ERWEaJORpCm1yc1iZMuuQk/QkKQJ1oLn+4Xq2DrOgF0TflZS5tmCX8ojcddHOj5y1RAG9zrhJumuHRWFns+awocLg8/9EBWUyKxanSGwhjStSc5aoxFkRJ12LmSBxCkNU998DW55gixJiv7CMmFzgk1bt8L8IT7/3l/h5JHHEVIytHEPlbG9dHt9HN+lVg+4fFJGgN7kcKJp+TAxD71iDODaEdGai/R7loPgPEDZladHawFB6COUZHG5w4ade7j0yqtycUhXcfzos7z/P/0Gj9z2V+zYtJHpLdtRfj7FI40i3FKT4a17kU4Jz/WpNeqk2bomz4uqfAJtBb1eSrVWxylVcUoVlF/KJWdcD+n6SM/PGztdf1VtJJ8l4BVG4iHdQtyhSOWE64NfQvhl3KBMklrSxKzrLVw/Djc/DrTyCKoNMBq3OU1zy2uRfjPXLFQBKmwwMr2L4Zrk+bv+iPs/9J/ozF9ACku5Ps7Wg99Hp5e3qEvPZcNEhS1D8rwjRfrYHXRXuvzH//yfv/H8/1siFLmp7D04+Lzs6udHKoqw5CGkINOahcUeO19zNVnS4+ijj4AbYBA8ee89nHn2CAeuuoGJDVOcP3MKnaZkOkOVh2hs3kvDSak2a0SnL6yphV4EIgmsVBw/cZ7qwSm8ehOdZCjh4FZUXtBNUtJelDOPrVmTdLfiIoEmK2Qh51IH4eQTR5QHfgWnUmNhdrEQd5KraiH5sbEGG6S4TO68nJm5C1SmLsOaolbgBLjVYWqNOp2Td/HMk18k6rTzCaZK4QY1tlz5A2SygtZZnlEEJSbHJTXHHNIW3vlOoYHneCXPC+jF9pAnja5WQuV4LthCJ7CfseWya7HC59hjj2BMinIdWguzfOUzf0lzapud2ncVrlJiZXEhHwdbqrDnkq30tcm1hM3aVDC7ro4vleTpw8e44bLLmNw+TX/DJG5tiJ52SNKi7pDGxLMzdM6eJl5exCRpkU3kKGQ4NEJ5YjP+6Ea0CjCA51iybodeL6PSKDH72CNkxcCogfFchOYLSxanbNxxGc0zF8ikl08pcQL8Sh06pzj1xH10ls6BcpCuizEWrzLO5oNvQZQmSNMExy/h+CFutcZwBXwn+yrfKQMj2tZ5atjh7GijsikIfZQjoSBI9nsZG/ddTlgd4tjjD9Jbms+LLVKyePqY6Cwt2u2vuYGJyU3MXDiHsClbdu3mXKf/onDuQMQFoNvtc+ie+/ixn38nc/4Ydzxyls5yH5MJjBEgSnhTO2hu2ISKumSLC/RXWjiVKsHoBLI6RBQL2j1NlhiUr8APGdm0gX11zakvfpGFU6fyHW/tavmbdRA1UqF1Rjg8QX1kI4tLeSygRMzC4Vvpzh4t0D+Vj57FoTq2m6kDb0J4tTwzcNx8ZmApJByusLXB3ISn7+c7YV4AwGtqYk4I7to+WqZaqxCW87Gp1mQIa4g6bUrDI+y59gam9xwgLFXR+dhvkm5bPPOV25k/+TT1xhD1WoPh0TG6/WgNl5fyIqaQHYxqE4Jzx87wof/7d2378fuYHq8yMj6cy624Kv/drT7tlYQeZcTULqoHrsGd3keXCkuLPeJ+H5RB+BJR8vGbdZTscPRTf8bJ+x/Kc/KCcDo4OgYLvyoTpxTWDak0hhBSkbXPMfPkZ+jMPFOkjQprJW55jLHdN7Px0rdhnTJp0geRA2AqCPBqZbZukWyqmbsgPPUdNTbOav500jU/PjlSc5bmK3RbJeJeL3fFIlcO1amhsWELlaFRVmbPs3z2DFGvhc0iTh3+KtX5Ga66/npqjVpuIHKNX1dMgaIY01XIrGUIoTh9piNO/J/vYeKyXUy87vsZ23kZXdvgzJllEm1zN52kmDRXBDG6IKn4DspzcEslgnqIjVZID32WZ+76JFEvxBvfhU36F0nF5Smjt3qj8uwhEYrRiRLP3vsQ3ZkjCBOtzgH2q+O2NrlXlIa34AS1fBiVjQuPonA8H69SodSscXASPeKa9wuh7HeUATwQcPfNCfcenB66cXZhie5Km167Q7LSyYGbosCidYZGUh7dSHl0A/3lBdozZ+gszNA6d5zOhXGCIHeJuVLHGs9utQo0KOCYDJNZROAjx7fx/ENPc+S+R6hv2crV7/hh9h18A0+fkiStPjazqzOLrSymhwcO1fEmQbrMzB0fYu6Bu+mfPYs7vIPytktyrQDyMbe5JE6BE0g3F4V0/HzSqFSkSCpikeT8YYRykGGdsLqByvhuSkPTQih/jQgiBtwCB8cLcMsV3HqDiekSlzR5ctR3vvStWCPnpZgR8O53I2655WsFit4pRHK6m/7u5qp63aaJUbW82KHb6hJ3OyT9Pn5QLtC1PI/P0oQsTXHCKo3pXZRHp2jPnsdXLr6n8MMQ5fqoAlxZReuERIh1AaExWBJwA0pbLyOeO8/yc6e47dd/jQPf/zCX/PT/xjPnXPorfXSiMVnhWTwXf7jGsL/MI//5XSwfO4pwQoLNVxGMb8tFpbNkbarIKqaQK4JKJ0A6HtLN00ujBIFJ8KvjBGPbKNcncL0mQnlkWqCkxVE5TVyqgvLluKhSCa/ZwB9tsGcattT4AyFE91thAN90DPDOjyAfuAb3XV9njMlnn3Y+paS89bLNw4yNjVBrNinXapl0pK3WSro5PBRVmsN5pc8LkcrBFgrgwnGpTmyiPrW1QPccHM/D8QMcz0M4DlLlN1KtavnlSmEi5yAC4eQWKlv3oyqjPP7Zz2EevZ0dm2vIso8oBVAKEOUAVQoYHQ1o3/ohWs8eRQ1PU913A+GGPflr6XQdC2jg9t01DeAB0OS4SFfhuILK8BSlrddRGtqKVOVCqEQglZtjD2GNoFxJ/LCSqgJocsoVVL3K5q0BB4a5dQg++K3y0t+0AXzknZhqh+zw/hcn3P3clSK9kPJvp0LmLts2yYbpSYYnJmSlMSTCcshks/T/NIcatzfHNxJUG7h+Kd/ljptP87QZvQxcpXK6mevmHz0/5wYU0K9UKufLFSVgMaCN6RST9FHlGqXtB/GnD3LqgSeYrlq8eoisBKhqgKqEuPWQUa9P59nn8HZeRXn3a1GVUUzSy4UcyGMXqVSxgLnbl663ijZKN/cA0nUJQ0U7EWih8kaRwnCk4yH9Ml59A0Gp/lQtdD7oVipGBmXcSg23Uacx2eTyjZzfFia/IoTov2INAIT9yDuFPr6E5Ot4gddUxONJqv/twQnf7t06weTGCVkfHkYEZTU8OV2ZHrr07WNjo+9uTm5sl4bG8EtVnKCUd88ol9ZKF2EywlKIE/h5H53roVwX5eS3dArsXqk1zH/ABDIa0hQpFKUN25lJh1i+sECpWULWA2TVQ1U9ysMB3ZklOpW9lDbuQRkLSQ9hNXLQ3SMd5CDgc3L0MFcJLeoOrossjNJTkuXFdkERy48KqTxUuUl5eCO1euOD9V72fZXx8VSW6r4ThgT1CpWRYa7Y5XDJiH7X7or/2LcyTnvJ0sBtTcyNf8Pr/cvPqP9ujfkv126vsW3TOMMTY9YoFS0m+gc37anW//wX33jLxo0T31cdHb+jMjpJuTGGV6qj/DJLy10btVdMs1nFK+fgiOMGOK6P8opdVyxGjvGr1Zb0tdJuwdezGa3UcsdH7yA+e4ZSPcCvlwgrPt0TZ3nijkO0VZhH+jpZQxplvusHkb50CiXzQeBXqJqvGoHj4JMyP7OMckNkQQf3auNUGmOHy7XmT35PZddP1i8ppdrxvwfHJaiXCUea7D9QZueIef/1DfU+vsXXS2YAH3mn0J0NiB/5sFVf798/f3Lxlx1rPnbTvlH27pwSYxvGROq52xa7rX8C8D/+6TVf2Xvd7rfUR8Z/ujoy+WxpbBqvNkKkHY4ePZVNj9QIK2W8Qk3c8UPcQo9XuIOz10MWgZUo8nJWPxaagCajfX6BE5+6m9kHD+PbmNahI8zf+zj9pUUgKSZ5rM00EMpZqyw6gzPfK2oM3jqZ+/wI8EOXpLXCXAuc0hBubRyvPt4uN0b/Y3Vk8uYv/8aWP73lFmFCb/JHrCptC0ou1dEmu/c02b+RvxzPWv/7N0P1elnSwIfPobc1cQq5za+5fmbvaPv25xb/8f7pmvzeSyffoRzXf+7CChb9zz7w1fMf/8mrJw/93lt2xcD7/v57H/rc4szST3mh89PS8Xc8+uyc9/eu8Bhq1um3+6RxkjdnFHZsBi3X2mClXpWMl3n3QMH2cVal3aUbghOij51k7pE7ScrbMUYUeboCx19tRsprPgNiiFq38y8uMEnfxwlyI6jWPebOLpG5Q3iuh+OV76jWRt791d/efs/gefyz35+pLKnyT0lpqQQh23ZV2T/NX28N+Nmbxpsdvg3XS4sE3iLM8SXs1/MCAG/aPrTy2Inln/Iwf/ymvSNcvm2UciWcWNTyl9/1YesNvu+DP3fl+Vv/3Zt+fc++nTdObJj+1zMr9tHTZ+bZuW0DlaEGpXodv1LFC0s4QYgblHC8AMfzUV5QLIq/WtUb3MIvIf0yolTDK5foP/sVzn3pU0SnD+GHVZRXRfkVlF/Ohzy4+eAKOSgtu4PXLBbd8xFegPQDlB/gBAGqFOJ5cP5c1wTl5v1Bffinrr7h6rfmi2/FjTdaB2A5GPmlNAivrA6X2L23yt7NvH//ED9z07j4tiz+36Zv+hsBBsSNd6HG5rAfyatWL3rd+K47nQ/84vU/L5S95fCKqR+ZTdLOrPnlX3lT87de7Pv3/ePPDb3xyso/fOP3HfzVe55eKJ8+cY7W/BK9Vou4lw+nTJMYnWXFsAqBsQJtB3w+B1wf6/iIoIoroHPkK6wcf7TYCp5t7L/ZVDZfrnKdogh0PpM4B2rUKltZFvLwqjCMPH3LUzgVhgxtrFNPZu555stnf3t852s+f/v/8bU5/I++z741FuajzTEZ7JyitXGEd//EJL8thLB8Gy/xrXjRd73LysP786PgI09hueXrq1gfbfffUArcX1+w6toj5+L+0rL+Bz97WfnrzsN7bDH6N0eW7b+/47EzzJ6fp7W4TL/dJer2SeOYLE3JMkNmJNoqjBCrRA/rlXCCMipps/To7bTPHs0zhgG5xEhbntgmmntfh6hvRGuDzRIohLAZCDwoF+V4KDdAeQEq8FFBiAhL+CN1LtkYH9oq577/l2+aPvNif8MPf8Be49f4i4lJtm4Z4svTw/zKO4bEPbwMl/jWvbQVV7wXZ1sHZ7ZF+qVbvn5Ac+fztrFxg35HV/JTcS/dLrvp3796Q+1Foc9Dh6y3Mt7/w2dX5D/+6uHzzJydo9vq0mv3ifoxSZKSGcisQluJRoDjIf0QqRP6zz3G8jNftXFnCaGc9VwuK0AYk+EEVdvc+3pR3nw5xgmxRqyCTAKRU7RcvxgG4aECD1UK8UdqTA6ZI7sb2Tt/7Vr/8Rd7/7/xJXt1GvBBv0Y62uAPdk7wgdcJ0eZlusS39uWtePPv4AFUJ8n+piMB4LNHrL9ja+/tTmyvX1rw/uyKzd7DL/Z99913Koz3jv/G2Zb9508+35InzyyystKl142JsozM5rtfSxfHCwk9l/7pZzh5z6dpnT5e9IfItYFFdnXCRdF4bKwQUpRGNtHYfgXB1AFUbRxjJdYYlFS4rov0XKTn41ZCRiYCNjT0o8OO/slfv94/9GLv+2PH7Fg54F+1BEfchI+9Y6tY5mW+xLf8N1gr3vXu/PfccsvfbqDBnXdah1GCmw58/WDIWiueSPjRMx39fxyd7V96umXUwkqffpLr7kkcdC9i+eRx+/yXbxfnnniYNIpyoEgUFF6hrBDKYo21GAWm4JfbXKfK5hO9ymObmbzsjQztux5KjVzqxsk5AF7ZpVY2F4bC9C8vrZv/8L9eUT739d7zhw/lQe47D4iEV8gl+A6/DllbWe6nlz8+0/n7Dz599h8tn7rgpPPzcub4Cc49fYSls2dtksQixwUcKxzPCuUJoQIj3VAI5QqbT+sS6NRirTBZ39o0stZkAmuENRrHK9n6xh2muXkPwehG7U5u0m+4dlfHqbj/pxeoz99yQJz6Tnx+znfOW7XixQYjHhCiA9zz3mf7/rOHLvzUk5/+FNnp4yS9NkiJVI5QYc3maVvFohyZ1/BdiVAWIfJ2UOUWv0OibENYo4XNulZHbWuzBOv4YmVhTq0sLJK55dS94qb4H7x55+wvHFR/9q3E6l81gL/lVMyDm4PKnssP+MeOnCZq9/I+AMdDhQ2kXxbWWqzWwq5pAFzcCy7WBkEK6eUyt9SFKiVYqy1CWWu1kFbC8CY9uv/KUlAOxbeSVfWqAfz/qUX4LG0dLmWNPZc6nVig586S6QybGUyaYLN43ZrbNT7/KsfQ5msp16BjIR2kX0E4nhBumOf8XgjTO4KJzdNqus4SEP1/ealXDeDbcI3CM5dO+OcmN4xvOr/YpouA1iI66hWz9opyrDGrQiB56F9w+9ZNA1uFjYvavijkXGVQRzVGKE1uVPs3Oeyo8JgQ6zOb76zF/64yACHEzLFIf+ngtrGfWD6/QLzSQicpwoCwBW1bD6ZLr5NuHXiAoi1srSG0GPWuvLzDyCsj/RKy1tDBSFNdNYkZkdz6nf7cvmsMAGC7Lz/w+mnnR5+annTTfoJOdM4MksVEcm0KOVld6BGs9fetUsvkoIo4qPz5uQcIKlCtazE2xrYdZW4c45Gmz12vGsAr67rrihH5ydftG/vh2yJNmhisENiOA26Yi1WmWTEjSL9An6fo9Su0fVhd/ADpl1HVOs7kpCxvHRVv3gH7Av7bt4qn96oBfOPHQGatfdfbp3jd+c7E+MNZBkoQzfpk/QidJugkxqbp2nh4u65zf7UruCB+ePnkb6dcQ40O4UyNiTfsU9w0aj4D8oPfDc/su80DIIR4KrL2n71zl3h/L52sHlUubb9Mf6lL0u2hon4+TUxnq9PGV7UEB2d/0SAq/TCnZw81UWNNrrk04Ce38PjGSP6i8L59JdtXDeD/5xUI8Vdta133Eue/fbIyUXm0UmFptk17sU3c6kE/Qg5k3AeCkhTqXo6X1/nDEKdSwq2VKY3WuP5Sl3+w1Rx9TZj9Q1/4z3zXbBi+i6/U2h88k/Efv7TCjs8egefP9Wgt9kjbfWycYuI07/wt9AZEweZ1Qh9RCXCqIeMTIW/bB28aSe4fS9Of31ipPPJd5TH5Lr8We3azDvknh/v85GMdph46B6dnM6JOStZPyZIMbcAKgeM6SFfhhx6jow67NsA1DXP22rp5X63V++16vb7wXXdk8j/J1bd2yyL6x2dT9WPHehw40YPTy9CKICu0HjwXmiWYKsOOij6xITTv26Pc95fEd2ah51UDeJHr5PJyM/bLV7VcccXZSO1fyggTg/UkQmbEZZcTVRE/5K7MffWm6Rdn9Lx6vXq9er16vXq9er16vXq9er16fUdf/y/TwLLN2xn7pAAAAABJRU5ErkJggg=="
    },
    "ascii_badge": [
      "   /\\_/\\    TIGER FRAMEWORK",
      "  ( o.o )   OFFICIAL META-STACK",
      "   > ^ <    POWERED BY x010.tech"
    ]
  },
  "architecture": {
    "backend": "Python (FastAPI)",
    "database": "PostgreSQL",
    "frontend": "Next.js 14 (3D Glassmorphism)"
  }
}